{
  "name": "brakeman-action",
  "version": "0.0.0",
  "lockfileVersion": 1,
  "requires": true,
  "dependencies": {
    "@moneyforward/sca-action-core": {
      "version": "0.0.1",
      "resolved": "https://npm.pkg.github.com/download/@moneyforward/sca-action-core/0.0.1/387f3ca1dec66f20fadac0d645dbfa48ab43b1406d416ff3d6214d1e75bfb4ae",
      "integrity": "sha512-+4ZJai180GPvrjqX/R5YHae3/flUPW+LWBgM6VdWF5NBUUOvBeDaH0SUGUOxKDHT9O4RY3FtoOQ5AcG6dVjnVQ=="
    },
    "@zeit/ncc": {
      "version": "0.22.1",
      "resolved": "https://registry.npmjs.org/@zeit/ncc/-/ncc-0.22.1.tgz",
      "integrity": "sha512-Qq3bMuonkcnV/96jhy9SQYdh39NXHxNMJ1O31ZFzWG9n52fR2DLtgrNzhj/ahlEjnBziMLGVWDbaS9sf03/fEw==",
      "dev": true
    }
  }
}
